
Microsoft Visual Studio Solution File, Format Version 12.00
Project("{FAE04EC0-301F-11D3-BF4B-00C04F79EFBC}") = "GIT2026", "GIT2026.csproj", "{C87027E1-829D-46C7-8634-719D3ABEAC05}"
EndProject
Global
	GlobalSection(SolutionConfigurationPlatforms) = preSolution
		Debug|Any CPU = Debug|Any CPU
		Release|Any CPU = Release|Any CPU
	EndGlobalSection
	GlobalSection(ProjectConfigurationPlatforms) = postSolution
		{C87027E1-829D-46C7-8634-719D3ABEAC05}.Debug|Any CPU.ActiveCfg = Debug|Any CPU
		{C87027E1-829D-46C7-8634-719D3ABEAC05}.Debug|Any CPU.Build.0 = Debug|Any CPU
		{C87027E1-829D-46C7-8634-719D3ABEAC05}.Release|Any CPU.ActiveCfg = Release|Any CPU
		{C87027E1-829D-46C7-8634-719D3ABEAC05}.Release|Any CPU.Build.0 = Release|Any CPU
	EndGlobalSection
EndGlobal
